
Microsoft Visual Studio Solution File, Format Version 12.00
# Visual Studio 2012
Project("{FAE04EC0-301F-11D3-BF4B-00C04F79EFBC}") = "Playground", "Playground\Playground.csproj", "{37B3DC95-7A42-4612-8E3C-8805B1702642}"
EndProject
Project("{FAE04EC0-301F-11D3-BF4B-00C04F79EFBC}") = "Playground.Tests", "Playground.Tests\Playground.Tests.csproj", "{21DE79DC-6FDC-459D-BFAF-3F604480D716}"
EndProject
Global
	GlobalSection(SolutionConfigurationPlatforms) = preSolution
		Debug|Any CPU = Debug|Any CPU
		Release|Any CPU = Release|Any CPU
	EndGlobalSection
	GlobalSection(ProjectConfigurationPlatforms) = postSolution
		{37B3DC95-7A42-4612-8E3C-8805B1702642}.Debug|Any CPU.ActiveCfg = Debug|Any CPU
		{37B3DC95-7A42-4612-8E3C-8805B1702642}.Debug|Any CPU.Build.0 = Debug|Any CPU
		{37B3DC95-7A42-4612-8E3C-8805B1702642}.Release|Any CPU.ActiveCfg = Release|Any CPU
		{37B3DC95-7A42-4612-8E3C-8805B1702642}.Release|Any CPU.Build.0 = Release|Any CPU
		{21DE79DC-6FDC-459D-BFAF-3F604480D716}.Debug|Any CPU.ActiveCfg = Debug|Any CPU
		{21DE79DC-6FDC-459D-BFAF-3F604480D716}.Debug|Any CPU.Build.0 = Debug|Any CPU
		{21DE79DC-6FDC-459D-BFAF-3F604480D716}.Release|Any CPU.ActiveCfg = Release|Any CPU
		{21DE79DC-6FDC-459D-BFAF-3F604480D716}.Release|Any CPU.Build.0 = Release|Any CPU
	EndGlobalSection
	GlobalSection(SolutionProperties) = preSolution
		HideSolutionNode = FALSE
	EndGlobalSection
EndGlobal
